
Microsoft Visual Studio Solution File, Format Version 12.00
Project("{FAE04EC0-301F-11D3-BF4B-00C04F79EFBC}") = "genMapFindTwins", "genMapFindTwins\genMapFindTwins.csproj", "{C9725BDC-23C9-4847-9337-86A9A5225471}"
EndProject
Global
	GlobalSection(SolutionConfigurationPlatforms) = preSolution
		Debug|Any CPU = Debug|Any CPU
		Release|Any CPU = Release|Any CPU
	EndGlobalSection
	GlobalSection(ProjectConfigurationPlatforms) = postSolution
		{C9725BDC-23C9-4847-9337-86A9A5225471}.Debug|Any CPU.ActiveCfg = Debug|Any CPU
		{C9725BDC-23C9-4847-9337-86A9A5225471}.Debug|Any CPU.Build.0 = Debug|Any CPU
		{C9725BDC-23C9-4847-9337-86A9A5225471}.Release|Any CPU.ActiveCfg = Release|Any CPU
		{C9725BDC-23C9-4847-9337-86A9A5225471}.Release|Any CPU.Build.0 = Release|Any CPU
	EndGlobalSection
EndGlobal
